
Microsoft Visual Studio Solution File, Format Version 12.00
# Visual Studio 2013
Project("{FAE04EC0-301F-11D3-BF4B-00C04F79EFBC}") = "UnityVS.Hackathon_ART.CSharp", "UnityVS.Hackathon_ART.CSharp.csproj", "{F4DC0BA8-E94B-55E2-6B02-1F3E2758BE10}"
EndProject
Project("{FAE04EC0-301F-11D3-BF4B-00C04F79EFBC}") = "UnityVS.Hackathon_ART.CSharp.Editor", "UnityVS.Hackathon_ART.CSharp.Editor.csproj", "{BCD3DA4E-8CE0-4A82-ECA8-5E37C995414B}"
EndProject
Global
	GlobalSection(SolutionConfigurationPlatforms) = preSolution
		Debug|Any CPU = Debug|Any CPU
		Release|Any CPU = Release|Any CPU
	EndGlobalSection
	GlobalSection(ProjectConfigurationPlatforms) = postSolution
		{F4DC0BA8-E94B-55E2-6B02-1F3E2758BE10}.Debug|Any CPU.ActiveCfg = Debug|Any CPU
		{F4DC0BA8-E94B-55E2-6B02-1F3E2758BE10}.Debug|Any CPU.Build.0 = Debug|Any CPU
		{F4DC0BA8-E94B-55E2-6B02-1F3E2758BE10}.Release|Any CPU.ActiveCfg = Release|Any CPU
		{F4DC0BA8-E94B-55E2-6B02-1F3E2758BE10}.Release|Any CPU.Build.0 = Release|Any CPU
		{BCD3DA4E-8CE0-4A82-ECA8-5E37C995414B}.Debug|Any CPU.ActiveCfg = Debug|Any CPU
		{BCD3DA4E-8CE0-4A82-ECA8-5E37C995414B}.Debug|Any CPU.Build.0 = Debug|Any CPU
		{BCD3DA4E-8CE0-4A82-ECA8-5E37C995414B}.Release|Any CPU.ActiveCfg = Release|Any CPU
		{BCD3DA4E-8CE0-4A82-ECA8-5E37C995414B}.Release|Any CPU.Build.0 = Release|Any CPU
	EndGlobalSection
	GlobalSection(SolutionProperties) = preSolution
		HideSolutionNode = FALSE
	EndGlobalSection
EndGlobal
